// !$*UTF8*$!
{
	archiveVersion = 1;
	classes = {
	};
	objectVersion = 46;
	objects = {

/* Begin PBXBuildFile section */
		52B58F5F1ED6BEBB002EC496 /* AppDelegate.swift in Sources */ = {isa = PBXBuildFile; fileRef = 52B58F5E1ED6BEBB002EC496 /* AppDelegate.swift */; };
		52B58F611ED6BEBB002EC496 /* ViewController.swift in Sources */ = {isa = PBXBuildFile; fileRef = 52B58F601ED6BEBB002EC496 /* ViewController.swift */; };
		52B58F641ED6BEBB002EC496 /* Main.storyboard in Resources */ = {isa = PBXBuildFile; fileRef = 52B58F621ED6BEBB002EC496 /* Main.storyboard */; };
		52B58F671ED6BEBB002EC496 /* pokiedex.xcdatamodeld in Sources */ = {isa = PBXBuildFile; fileRef = 52B58F651ED6BEBB002EC496 /* pokiedex.xcdatamodeld */; };
		52B58F691ED6BEBB002EC496 /* Assets.xcassets in Resources */ = {isa = PBXBuildFile; fileRef = 52B58F681ED6BEBB002EC496 /* Assets.xcassets */; };
		52B58F6C1ED6BEBB002EC496 /* LaunchScreen.storyboard in Resources */ = {isa = PBXBuildFile; fileRef = 52B58F6A1ED6BEBB002EC496 /* LaunchScreen.storyboard */; };
		52B58F771ED6BEBB002EC496 /* pokiedexTests.swift in Sources */ = {isa = PBXBuildFile; fileRef = 52B58F761ED6BEBB002EC496 /* pokiedexTests.swift */; };
		52B58F821ED6BEBB002EC496 /* pokiedexUITests.swift in Sources */ = {isa = PBXBuildFile; fileRef = 52B58F811ED6BEBB002EC496 /* pokiedexUITests.swift */; };
/* End PBXBuildFile section */

/* Begin PBXContainerItemProxy section */
		52B58F731ED6BEBB002EC496 /* PBXContainerItemProxy */ = {
			isa = PBXContainerItemProxy;
			containerPortal = 52B58F531ED6BEBB002EC496 /* Project object */;
			proxyType = 1;
			remoteGlobalIDString = 52B58F5A1ED6BEBB002EC496;
			remoteInfo = pokiedex;
		};
		52B58F7E1ED6BEBB002EC496 /* PBXContainerItemProxy */ = {
			isa = PBXContainerItemProxy;
			containerPortal = 52B58F531ED6BEBB002EC496 /* Project object */;
			proxyType = 1;
			remoteGlobalIDString = 52B58F5A1ED6BEBB002EC496;
			remoteInfo = pokiedex;
		};
/* End PBXContainerItemProxy section */

/* Begin PBXFileReference section */
		52B58F5B1ED6BEBB002EC496 /* pokiedex.app */ = {isa = PBXFileReference; explicitFileType = wrapper.application; includeInIndex = 0; path = pokiedex.app; sourceTree = BUILT_PRODUCTS_DIR; };
		52B58F5E1ED6BEBB002EC496 /* AppDelegate.swift */ = {isa = PBXFileReference; lastKnownFileType = sourcecode.swift; path = AppDelegate.swift; sourceTree = "<group>"; };
		52B58F601ED6BEBB002EC496 /* ViewController.swift */ = {isa = PBXFileReference; lastKnownFileType = sourcecode.swift; path = ViewController.swift; sourceTree = "<group>"; };
		52B58F631ED6BEBB002EC496 /* Base */ = {isa = PBXFileReference; lastKnownFileType = file.storyboard; name = Base; path = Base.lproj/Main.storyboard; sourceTree = "<group>"; };
		52B58F661ED6BEBB002EC496 /* pokiedex.xcdatamodel */ = {isa = PBXFileReference; lastKnownFileType = wrapper.xcdatamodel; path = pokiedex.xcdatamodel; sourceTree = "<group>"; };
		52B58F681ED6BEBB002EC496 /* Assets.xcassets */ = {isa = PBXFileReference; lastKnownFileType = folder.assetcatalog; path = Assets.xcassets; sourceTree = "<group>"; };
		52B58F6B1ED6BEBB002EC496 /* Base */ = {isa = PBXFileReference; lastKnownFileType = file.storyboard; name = Base; path = Base.lproj/LaunchScreen.storyboard; sourceTree = "<group>"; };
		52B58F6D1ED6BEBB002EC496 /* Info.plist */ = {isa = PBXFileReference; lastKnownFileType = text.plist.xml; path = Info.plist; sourceTree = "<group>"; };
		52B58F721ED6BEBB002EC496 /* pokiedexTests.xctest */ = {isa = PBXFileReference; explicitFileType = wrapper.cfbundle; includeInIndex = 0; path = pokiedexTests.xctest; sourceTree = BUILT_PRODUCTS_DIR; };
		52B58F761ED6BEBB002EC496 /* pokiedexTests.swift */ = {isa = PBXFileReference; lastKnownFileType = sourcecode.swift; path = pokiedexTests.swift; sourceTree = "<group>"; };
		52B58F781ED6BEBB002EC496 /* Info.plist */ = {isa = PBXFileReference; lastKnownFileType = text.plist.xml; path = Info.plist; sourceTree = "<group>"; };
		52B58F7D1ED6BEBB002EC496 /* pokiedexUITests.xctest */ = {isa = PBXFileReference; explicitFileType = wrapper.cfbundle; includeInIndex = 0; path = pokiedexUITests.xctest; sourceTree = BUILT_PRODUCTS_DIR; };
		52B58F811ED6BEBB002EC496 /* pokiedexUITests.swift */ = {isa = PBXFileReference; lastKnownFileType = sourcecode.swift; path = pokiedexUITests.swift; sourceTree = "<group>"; };
		52B58F831ED6BEBB002EC496 /* Info.plist */ = {isa = PBXFileReference; lastKnownFileType = text.plist.xml; path = Info.plist; sourceTree = "<group>"; };
/* End PBXFileReference section */

/* Begin PBXFrameworksBuildPhase section */
		52B58F581ED6BEBB002EC496 /* Frameworks */ = {
			isa = PBXFrameworksBuildPhase;
			buildActionMask = 2147483647;
			files = (
			);
			runOnlyForDeploymentPostprocessing = 0;
		};
		52B58F6F1ED6BEBB002EC496 /* Frameworks */ = {
			isa = PBXFrameworksBuildPhase;
			buildActionMask = 2147483647;
			files = (
			);
			runOnlyForDeploymentPostprocessing = 0;
		};
		52B58F7A1ED6BEBB002EC496 /* Frameworks */ = {
			isa = PBXFrameworksBuildPhase;
			buildActionMask = 2147483647;
			files = (
			);
			runOnlyForDeploymentPostprocessing = 0;
		};
/* End PBXFrameworksBuildPhase section */

/* Begin PBXGroup section */
		52B58F521ED6BEBB002EC496 = {
			isa = PBXGroup;
			children = (
				52B58F5D1ED6BEBB002EC496 /* pokiedex */,
				52B58F751ED6BEBB002EC496 /* pokiedexTests */,
				52B58F801ED6BEBB002EC496 /* pokiedexUITests */,
				52B58F5C1ED6BEBB002EC496 /* Products */,
			);
			sourceTree = "<group>";
		};
		52B58F5C1ED6BEBB002EC496 /* Products */ = {
			isa = PBXGroup;
			children = (
				52B58F5B1ED6BEBB002EC496 /* pokiedex.app */,
				52B58F721ED6BEBB002EC496 /* pokiedexTests.xctest */,
				52B58F7D1ED6BEBB002EC496 /* pokiedexUITests.xctest */,
			);
			name = Products;
			sourceTree = "<group>";
		};
		52B58F5D1ED6BEBB002EC496 /* pokiedex */ = {
			isa = PBXGroup;
			children = (
				52B58F5E1ED6BEBB002EC496 /* AppDelegate.swift */,
				52B58F601ED6BEBB002EC496 /* ViewController.swift */,
				52B58F621ED6BEBB002EC496 /* Main.storyboard */,
				52B58F681ED6BEBB002EC496 /* Assets.xcassets */,
				52B58F6A1ED6BEBB002EC496 /* LaunchScreen.storyboard */,
				52B58F6D1ED6BEBB002EC496 /* Info.plist */,
				52B58F651ED6BEBB002EC496 /* pokiedex.xcdatamodeld */,
			);
			path = pokiedex;
			sourceTree = "<group>";
		};
		52B58F751ED6BEBB002EC496 /* pokiedexTests */ = {
			isa = PBXGroup;
			children = (
				52B58F761ED6BEBB002EC496 /* pokiedexTests.swift */,
				52B58F781ED6BEBB002EC496 /* Info.plist */,
			);
			path = pokiedexTests;
			sourceTree = "<group>";
		};
		52B58F801ED6BEBB002EC496 /* pokiedexUITests */ = {
			isa = PBXGroup;
			children = (
				52B58F811ED6BEBB002EC496 /* pokiedexUITests.swift */,
				52B58F831ED6BEBB002EC496 /* Info.plist */,
			);
			path = pokiedexUITests;
			sourceTree = "<group>";
		};
/* End PBXGroup section */

/* Begin PBXNativeTarget section */
		52B58F5A1ED6BEBB002EC496 /* pokiedex */ = {
			isa = PBXNativeTarget;
			buildConfigurationList = 52B58F861ED6BEBB002EC496 /* Build configuration list for PBXNativeTarget "pokiedex" */;
			buildPhases = (
				52B58F571ED6BEBB002EC496 /* Sources */,
				52B58F581ED6BEBB002EC496 /* Frameworks */,
				52B58F591ED6BEBB002EC496 /* Resources */,
			);
			buildRules = (
			);
			dependencies = (
			);
			name = pokiedex;
			productName = pokiedex;
			productReference = 52B58F5B1ED6BEBB002EC496 /* pokiedex.app */;
			productType = "com.apple.product-type.application";
		};
		52B58F711ED6BEBB002EC496 /* pokiedexTests */ = {
			isa = PBXNativeTarget;
			buildConfigurationList = 52B58F891ED6BEBB002EC496 /* Build configuration list for PBXNativeTarget "pokiedexTests" */;
			buildPhases = (
				52B58F6E1ED6BEBB002EC496 /* Sources */,
				52B58F6F1ED6BEBB002EC496 /* Frameworks */,
				52B58F701ED6BEBB002EC496 /* Resources */,
			);
			buildRules = (
			);
			dependencies = (
				52B58F741ED6BEBB002EC496 /* PBXTargetDependency */,
			);
			name = pokiedexTests;
			productName = pokiedexTests;
			productReference = 52B58F721ED6BEBB002EC496 /* pokiedexTests.xctest */;
			productType = "com.apple.product-type.bundle.unit-test";
		};
		52B58F7C1ED6BEBB002EC496 /* pokiedexUITests */ = {
			isa = PBXNativeTarget;
			buildConfigurationList = 52B58F8C1ED6BEBB002EC496 /* Build configuration list for PBXNativeTarget "pokiedexUITests" */;
			buildPhases = (
				52B58F791ED6BEBB002EC496 /* Sources */,
				52B58F7A1ED6BEBB002EC496 /* Frameworks */,
				52B58F7B1ED6BEBB002EC496 /* Resources */,
			);
			buildRules = (
			);
			dependencies = (
				52B58F7F1ED6BEBB002EC496 /* PBXTargetDependency */,
			);
			name = pokiedexUITests;
			productName = pokiedexUITests;
			productReference = 52B58F7D1ED6BEBB002EC496 /* pokiedexUITests.xctest */;
			productType = "com.apple.product-type.bundle.ui-testing";
		};
/* End PBXNativeTarget section */

/* Begin PBXProject section */
		52B58F531ED6BEBB002EC496 /* Project object */ = {
			isa = PBXProject;
			attributes = {
				LastSwiftUpdateCheck = 0830;
				LastUpgradeCheck = 0830;
				ORGANIZATIONNAME = mohammad;
				TargetAttributes = {
					52B58F5A1ED6BEBB002EC496 = {
						CreatedOnToolsVersion = 8.3.2;
						DevelopmentTeam = EN8UYVEADN;
						ProvisioningStyle = Automatic;
					};
					52B58F711ED6BEBB002EC496 = {
						CreatedOnToolsVersion = 8.3.2;
						DevelopmentTeam = EN8UYVEADN;
						ProvisioningStyle = Automatic;
						TestTargetID = 52B58F5A1ED6BEBB002EC496;
					};
					52B58F7C1ED6BEBB002EC496 = {
						CreatedOnToolsVersion = 8.3.2;
						DevelopmentTeam = EN8UYVEADN;
						ProvisioningStyle = Automatic;
						TestTargetID = 52B58F5A1ED6BEBB002EC496;
					};
				};
			};
			buildConfigurationList = 52B58F561ED6BEBB002EC496 /* Build configuration list for PBXProject "pokiedex" */;
			compatibilityVersion = "Xcode 3.2";
			developmentRegion = English;
			hasScannedForEncodings = 0;
			knownRegions = (
				en,
				Base,
			);
			mainGroup = 52B58F521ED6BEBB002EC496;
			productRefGroup = 52B58F5C1ED6BEBB002EC496 /* Products */;
			projectDirPath = "";
			projectRoot = "";
			targets = (
				52B58F5A1ED6BEBB002EC496 /* pokiedex */,
				52B58F711ED6BEBB002EC496 /* pokiedexTests */,
				52B58F7C1ED6BEBB002EC496 /* pokiedexUITests */,
			);
		};
/* End PBXProject section */

/* Begin PBXResourcesBuildPhase section */
		52B58F591ED6BEBB002EC496 /* Resources */ = {
			isa = PBXResourcesBuildPhase;
			buildActionMask = 2147483647;
			files = (
				52B58F6C1ED6BEBB002EC496 /* LaunchScreen.storyboard in Resources */,
				52B58F691ED6BEBB002EC496 /* Assets.xcassets in Resources */,
				52B58F641ED6BEBB002EC496 /* Main.storyboard in Resources */,
			);
			runOnlyForDeploymentPostprocessing = 0;
		};
		52B58F701ED6BEBB002EC496 /* Resources */ = {
			isa = PBXResourcesBuildPhase;
			buildActionMask = 2147483647;
			files = (
			);
			runOnlyForDeploymentPostprocessing = 0;
		};
		52B58F7B1ED6BEBB002EC496 /* Resources */ = {
			isa = PBXResourcesBuildPhase;
			buildActionMask = 2147483647;
			files = (
			);
			runOnlyForDeploymentPostprocessing = 0;
		};
/* End PBXResourcesBuildPhase section */

/* Begin PBXSourcesBuildPhase section */
		52B58F571ED6BEBB002EC496 /* Sources */ = {
			isa = PBXSourcesBuildPhase;
			buildActionMask = 2147483647;
			files = (
				52B58F611ED6BEBB002EC496 /* ViewController.swift in Sources */,
				52B58F671ED6BEBB002EC496 /* pokiedex.xcdatamodeld in Sources */,
				52B58F5F1ED6BEBB002EC496 /* AppDelegate.swift in Sources */,
			);
			runOnlyForDeploymentPostprocessing = 0;
		};
		52B58F6E1ED6BEBB002EC496 /* Sources */ = {
			isa = PBXSourcesBuildPhase;
			buildActionMask = 2147483647;
			files = (
				52B58F771ED6BEBB002EC496 /* pokiedexTests.swift in Sources */,
			);
			runOnlyForDeploymentPostprocessing = 0;
		};
		52B58F791ED6BEBB002EC496 /* Sources */ = {
			isa = PBXSourcesBuildPhase;
			buildActionMask = 2147483647;
			files = (
				52B58F821ED6BEBB002EC496 /* pokiedexUITests.swift in Sources */,
			);
			runOnlyForDeploymentPostprocessing = 0;
		};
/* End PBXSourcesBuildPhase section */

/* Begin PBXTargetDependency section */
		52B58F741ED6BEBB002EC496 /* PBXTargetDependency */ = {
			isa = PBXTargetDependency;
			target = 52B58F5A1ED6BEBB002EC496 /* pokiedex */;
			targetProxy = 52B58F731ED6BEBB002EC496 /* PBXContainerItemProxy */;
		};
		52B58F7F1ED6BEBB002EC496 /* PBXTargetDependency */ = {
			isa = PBXTargetDependency;
			target = 52B58F5A1ED6BEBB002EC496 /* pokiedex */;
			targetProxy = 52B58F7E1ED6BEBB002EC496 /* PBXContainerItemProxy */;
		};
/* End PBXTargetDependency section */

/* Begin PBXVariantGroup section */
		52B58F621ED6BEBB002EC496 /* Main.storyboard */ = {
			isa = PBXVariantGroup;
			children = (
				52B58F631ED6BEBB002EC496 /* Base */,
			);
			name = Main.storyboard;
			sourceTree = "<group>";
		};
		52B58F6A1ED6BEBB002EC496 /* LaunchScreen.storyboard */ = {
			isa = PBXVariantGroup;
			children = (
				52B58F6B1ED6BEBB002EC496 /* Base */,
			);
			name = LaunchScreen.storyboard;
			sourceTree = "<group>";
		};
/* End PBXVariantGroup section */

/* Begin XCBuildConfiguration section */
		52B58F841ED6BEBB002EC496 /* Debug */ = {
			isa = XCBuildConfiguration;
			buildSettings = {
				ALWAYS_SEARCH_USER_PATHS = NO;
				CLANG_ANALYZER_NONNULL = YES;
				CLANG_ANALYZER_NUMBER_OBJECT_CONVERSION = YES_AGGRESSIVE;
				CLANG_CXX_LANGUAGE_STANDARD = "gnu++0x";
				CLANG_CXX_LIBRARY = "libc++";
				CLANG_ENABLE_MODULES = YES;
				CLANG_ENABLE_OBJC_ARC = YES;
				CLANG_WARN_BOOL_CONVERSION = YES;
				CLANG_WARN_CONSTANT_CONVERSION = YES;
				CLANG_WARN_DIRECT_OBJC_ISA_USAGE = YES_ERROR;
				CLANG_WARN_DOCUMENTATION_COMMENTS = YES;
				CLANG_WARN_EMPTY_BODY = YES;
				CLANG_WARN_ENUM_CONVERSION = YES;
				CLANG_WARN_INFINITE_RECURSION = YES;
				CLANG_WARN_INT_CONVERSION = YES;
				CLANG_WARN_OBJC_ROOT_CLASS = YES_ERROR;
				CLANG_WARN_SUSPICIOUS_MOVE = YES;
				CLANG_WARN_UNREACHABLE_CODE = YES;
				CLANG_WARN__DUPLICATE_METHOD_MATCH = YES;
				"CODE_SIGN_IDENTITY[sdk=iphoneos*]" = "iPhone Developer";
				COPY_PHASE_STRIP = NO;
				DEBUG_INFORMATION_FORMAT = dwarf;
				ENABLE_STRICT_OBJC_MSGSEND = YES;
				ENABLE_TESTABILITY = YES;
				GCC_C_LANGUAGE_STANDARD = gnu99;
				GCC_DYNAMIC_NO_PIC = NO;
				GCC_NO_COMMON_BLOCKS = YES;
				GCC_OPTIMIZATION_LEVEL = 0;
				GCC_PREPROCESSOR_DEFINITIONS = (
					"DEBUG=1",
					"$(inherited)",
				);
				GCC_WARN_64_TO_32_BIT_CONVERSION = YES;
				GCC_WARN_ABOUT_RETURN_TYPE = YES_ERROR;
				GCC_WARN_UNDECLARED_SELECTOR = YES;
				GCC_WARN_UNINITIALIZED_AUTOS = YES_AGGRESSIVE;
				GCC_WARN_UNUSED_FUNCTION = YES;
				GCC_WARN_UNUSED_VARIABLE = YES;
				IPHONEOS_DEPLOYMENT_TARGET = 10.3;
				MTL_ENABLE_DEBUG_INFO = YES;
				ONLY_ACTIVE_ARCH = YES;
				SDKROOT = iphoneos;
				SWIFT_ACTIVE_COMPILATION_CONDITIONS = DEBUG;
				SWIFT_OPTIMIZATION_LEVEL = "-Onone";
				TARGETED_DEVICE_FAMILY = "1,2";
			};
			name = Debug;
		};
		52B58F851ED6BEBB002EC496 /* Release */ = {
			isa = XCBuildConfiguration;
			buildSettings = {
				ALWAYS_SEARCH_USER_PATHS = NO;
				CLANG_ANALYZER_NONNULL = YES;
				CLANG_ANALYZER_NUMBER_OBJECT_CONVERSION = YES_AGGRESSIVE;
				CLANG_CXX_LANGUAGE_STANDARD = "gnu++0x";
				CLANG_CXX_LIBRARY = "libc++";
				CLANG_ENABLE_MODULES = YES;
				CLANG_ENABLE_OBJC_ARC = YES;
				CLANG_WARN_BOOL_CONVERSION = YES;
				CLANG_WARN_CONSTANT_CONVERSION = YES;
				CLANG_WARN_DIRECT_OBJC_ISA_USAGE = YES_ERROR;
				CLANG_WARN_DOCUMENTATION_COMMENTS = YES;
				CLANG_WARN_EMPTY_BODY = YES;
				CLANG_WARN_ENUM_CONVERSION = YES;
				CLANG_WARN_INFINITE_RECURSION = YES;
				CLANG_WARN_INT_CONVERSION = YES;
				CLANG_WARN_OBJC_ROOT_CLASS = YES_ERROR;
				CLANG_WARN_SUSPICIOUS_MOVE = YES;
				CLANG_WARN_UNREACHABLE_CODE = YES;
				CLANG_WARN__DUPLICATE_METHOD_MATCH = YES;
				"CODE_SIGN_IDENTITY[sdk=iphoneos*]" = "iPhone Developer";
				COPY_PHASE_STRIP = NO;
				DEBUG_INFORMATION_FORMAT = "dwarf-with-dsym";
				ENABLE_NS_ASSERTIONS = NO;
				ENABLE_STRICT_OBJC_MSGSEND = YES;
				GCC_C_LANGUAGE_STANDARD = gnu99;
				GCC_NO_COMMON_BLOCKS = YES;
				GCC_WARN_64_TO_32_BIT_CONVERSION = YES;
				GCC_WARN_ABOUT_RETURN_TYPE = YES_ERROR;
				GCC_WARN_UNDECLARED_SELECTOR = YES;
				GCC_WARN_UNINITIALIZED_AUTOS = YES_AGGRESSIVE;
				GCC_WARN_UNUSED_FUNCTION = YES;
				GCC_WARN_UNUSED_VARIABLE = YES;
				IPHONEOS_DEPLOYMENT_TARGET = 10.3;
				MTL_ENABLE_DEBUG_INFO = NO;
				SDKROOT = iphoneos;
				SWIFT_OPTIMIZATION_LEVEL = "-Owholemodule";
				TARGETED_DEVICE_FAMILY = "1,2";
				VALIDATE_PRODUCT = YES;
			};
			name = Release;
		};
		52B58F871ED6BEBB002EC496 /* Debug */ = {
			isa = XCBuildConfiguration;
			buildSettings = {
				ASSETCATALOG_COMPILER_APPICON_NAME = AppIcon;
				DEVELOPMENT_TEAM = EN8UYVEADN;
				INFOPLIST_FILE = pokiedex/Info.plist;
				LD_RUNPATH_SEARCH_PATHS = "$(inherited) @executable_path/Frameworks";
				PRODUCT_BUNDLE_IDENTIFIER = com.mohammad.pokiedex;
				PRODUCT_NAME = "$(TARGET_NAME)";
				SWIFT_VERSION = 3.0;
			};
			name = Debug;
		};
		52B58F881ED6BEBB002EC496 /* Release */ = {
			isa = XCBuildConfiguration;
			buildSettings = {
				ASSETCATALOG_COMPILER_APPICON_NAME = AppIcon;
				DEVELOPMENT_TEAM = EN8UYVEADN;
				INFOPLIST_FILE = pokiedex/Info.plist;
				LD_RUNPATH_SEARCH_PATHS = "$(inherited) @executable_path/Frameworks";
				PRODUCT_BUNDLE_IDENTIFIER = com.mohammad.pokiedex;
				PRODUCT_NAME = "$(TARGET_NAME)";
				SWIFT_VERSION = 3.0;
			};
			name = Release;
		};
		52B58F8A1ED6BEBB002EC496 /* Debug */ = {
			isa = XCBuildConfiguration;
			buildSettings = {
				ALWAYS_EMBED_SWIFT_STANDARD_LIBRARIES = YES;
				BUNDLE_LOADER = "$(TEST_HOST)";
				DEVELOPMENT_TEAM = EN8UYVEADN;
				INFOPLIST_FILE = pokiedexTests/Info.plist;
				LD_RUNPATH_SEARCH_PATHS = "$(inherited) @executable_path/Frameworks @loader_path/Frameworks";
				PRODUCT_BUNDLE_IDENTIFIER = com.mohammad.pokiedexTests;
				PRODUCT_NAME = "$(TARGET_NAME)";
				SWIFT_VERSION = 3.0;
				TEST_HOST = "$(BUILT_PRODUCTS_DIR)/pokiedex.app/pokiedex";
			};
			name = Debug;
		};
		52B58F8B1ED6BEBB002EC496 /* Release */ = {
			isa = XCBuildConfiguration;
			buildSettings = {
				ALWAYS_EMBED_SWIFT_STANDARD_LIBRARIES = YES;
				BUNDLE_LOADER = "$(TEST_HOST)";
				DEVELOPMENT_TEAM = EN8UYVEADN;
				INFOPLIST_FILE = pokiedexTests/Info.plist;
				LD_RUNPATH_SEARCH_PATHS = "$(inherited) @executable_path/Frameworks @loader_path/Frameworks";
				PRODUCT_BUNDLE_IDENTIFIER = com.mohammad.pokiedexTests;
				PRODUCT_NAME = "$(TARGET_NAME)";
				SWIFT_VERSION = 3.0;
				TEST_HOST = "$(BUILT_PRODUCTS_DIR)/pokiedex.app/pokiedex";
			};
			name = Release;
		};
		52B58F8D1ED6BEBB002EC496 /* Debug */ = {
			isa = XCBuildConfiguration;
			buildSettings = {
				ALWAYS_EMBED_SWIFT_STANDARD_LIBRARIES = YES;
				DEVELOPMENT_TEAM = EN8UYVEADN;
				INFOPLIST_FILE = pokiedexUITests/Info.plist;
				LD_RUNPATH_SEARCH_PATHS = "$(inherited) @executable_path/Frameworks @loader_path/Frameworks";
				PRODUCT_BUNDLE_IDENTIFIER = com.mohammad.pokiedexUITests;
				PRODUCT_NAME = "$(TARGET_NAME)";
				SWIFT_VERSION = 3.0;
				TEST_TARGET_NAME = pokiedex;
			};
			name = Debug;
		};
		52B58F8E1ED6BEBB002EC496 /* Release */ = {
			isa = XCBuildConfiguration;
			buildSettings = {
				ALWAYS_EMBED_SWIFT_STANDARD_LIBRARIES = YES;
				DEVELOPMENT_TEAM = EN8UYVEADN;
				INFOPLIST_FILE = pokiedexUITests/Info.plist;
				LD_RUNPATH_SEARCH_PATHS = "$(inherited) @executable_path/Frameworks @loader_path/Frameworks";
				PRODUCT_BUNDLE_IDENTIFIER = com.mohammad.pokiedexUITests;
				PRODUCT_NAME = "$(TARGET_NAME)";
				SWIFT_VERSION = 3.0;
				TEST_TARGET_NAME = pokiedex;
			};
			name = Release;
		};
/* End XCBuildConfiguration section */

/* Begin XCConfigurationList section */
		52B58F561ED6BEBB002EC496 /* Build configuration list for PBXProject "pokiedex" */ = {
			isa = XCConfigurationList;
			buildConfigurations = (
				52B58F841ED6BEBB002EC496 /* Debug */,
				52B58F851ED6BEBB002EC496 /* Release */,
			);
			defaultConfigurationIsVisible = 0;
			defaultConfigurationName = Release;
		};
		52B58F861ED6BEBB002EC496 /* Build configuration list for PBXNativeTarget "pokiedex" */ = {
			isa = XCConfigurationList;
			buildConfigurations = (
				52B58F871ED6BEBB002EC496 /* Debug */,
				52B58F881ED6BEBB002EC496 /* Release */,
			);
			defaultConfigurationIsVisible = 0;
		};
		52B58F891ED6BEBB002EC496 /* Build configuration list for PBXNativeTarget "pokiedexTests" */ = {
			isa = XCConfigurationList;
			buildConfigurations = (
				52B58F8A1ED6BEBB002EC496 /* Debug */,
				52B58F8B1ED6BEBB002EC496 /* Release */,
			);
			defaultConfigurationIsVisible = 0;
		};
		52B58F8C1ED6BEBB002EC496 /* Build configuration list for PBXNativeTarget "pokiedexUITests" */ = {
			isa = XCConfigurationList;
			buildConfigurations = (
				52B58F8D1ED6BEBB002EC496 /* Debug */,
				52B58F8E1ED6BEBB002EC496 /* Release */,
			);
			defaultConfigurationIsVisible = 0;
		};
/* End XCConfigurationList section */

/* Begin XCVersionGroup section */
		52B58F651ED6BEBB002EC496 /* pokiedex.xcdatamodeld */ = {
			isa = XCVersionGroup;
			children = (
				52B58F661ED6BEBB002EC496 /* pokiedex.xcdatamodel */,
			);
			currentVersion = 52B58F661ED6BEBB002EC496 /* pokiedex.xcdatamodel */;
			path = pokiedex.xcdatamodeld;
			sourceTree = "<group>";
			versionGroupType = wrapper.xcdatamodel;
		};
/* End XCVersionGroup section */
	};
	rootObject = 52B58F531ED6BEBB002EC496 /* Project object */;
}
